
Microsoft Visual Studio Solution File, Format Version 12.00
# Visual Studio Version 17
VisualStudioVersion = 17.0.31903.59
MinimumVisualStudioVersion = 10.0.40219.1
Project("{FAE04EC0-301F-11D3-BF4B-00C04F79EFBC}") = "API", "API\API.csproj", "{F586FEB0-9BDF-4247-9529-7F086F7C4C87}"
EndProject
Project("{FAE04EC0-301F-11D3-BF4B-00C04F79EFBC}") = "Core", "Core\Core.csproj", "{0FD55318-4838-4B52-B0C6-F6BEDE5A4C20}"
EndProject
Project("{FAE04EC0-301F-11D3-BF4B-00C04F79EFBC}") = "Infrastructure", "Infrastructure\Infrastructure.csproj", "{BEBF3624-6A13-4C87-85DD-3A1D123AC0F7}"
EndProject
Global
	GlobalSection(SolutionConfigurationPlatforms) = preSolution
		Debug|Any CPU = Debug|Any CPU
		Release|Any CPU = Release|Any CPU
	EndGlobalSection
	GlobalSection(SolutionProperties) = preSolution
		HideSolutionNode = FALSE
	EndGlobalSection
	GlobalSection(ProjectConfigurationPlatforms) = postSolution
		{F586FEB0-9BDF-4247-9529-7F086F7C4C87}.Debug|Any CPU.ActiveCfg = Debug|Any CPU
		{F586FEB0-9BDF-4247-9529-7F086F7C4C87}.Debug|Any CPU.Build.0 = Debug|Any CPU
		{F586FEB0-9BDF-4247-9529-7F086F7C4C87}.Release|Any CPU.ActiveCfg = Release|Any CPU
		{F586FEB0-9BDF-4247-9529-7F086F7C4C87}.Release|Any CPU.Build.0 = Release|Any CPU
		{0FD55318-4838-4B52-B0C6-F6BEDE5A4C20}.Debug|Any CPU.ActiveCfg = Debug|Any CPU
		{0FD55318-4838-4B52-B0C6-F6BEDE5A4C20}.Debug|Any CPU.Build.0 = Debug|Any CPU
		{0FD55318-4838-4B52-B0C6-F6BEDE5A4C20}.Release|Any CPU.ActiveCfg = Release|Any CPU
		{0FD55318-4838-4B52-B0C6-F6BEDE5A4C20}.Release|Any CPU.Build.0 = Release|Any CPU
		{BEBF3624-6A13-4C87-85DD-3A1D123AC0F7}.Debug|Any CPU.ActiveCfg = Debug|Any CPU
		{BEBF3624-6A13-4C87-85DD-3A1D123AC0F7}.Debug|Any CPU.Build.0 = Debug|Any CPU
		{BEBF3624-6A13-4C87-85DD-3A1D123AC0F7}.Release|Any CPU.ActiveCfg = Release|Any CPU
		{BEBF3624-6A13-4C87-85DD-3A1D123AC0F7}.Release|Any CPU.Build.0 = Release|Any CPU
	EndGlobalSection
EndGlobal
